
Microsoft Visual Studio Solution File, Format Version 12.00
# Visual Studio Version 17
VisualStudioVersion = 17.2.32516.85
MinimumVisualStudioVersion = 10.0.40219.1
Project("{FAE04EC0-301F-11D3-BF4B-00C04F79EFBC}") = "Backend-MindSecure", "Backend-MindSecure\Backend-MindSecure.csproj", "{5F014C22-8AF3-4626-9D5B-553EE0942B1B}"
EndProject
Global
	GlobalSection(SolutionConfigurationPlatforms) = preSolution
		Debug|Any CPU = Debug|Any CPU
		Release|Any CPU = Release|Any CPU
	EndGlobalSection
	GlobalSection(ProjectConfigurationPlatforms) = postSolution
		{5F014C22-8AF3-4626-9D5B-553EE0942B1B}.Debug|Any CPU.ActiveCfg = Debug|Any CPU
		{5F014C22-8AF3-4626-9D5B-553EE0942B1B}.Debug|Any CPU.Build.0 = Debug|Any CPU
		{5F014C22-8AF3-4626-9D5B-553EE0942B1B}.Release|Any CPU.ActiveCfg = Release|Any CPU
		{5F014C22-8AF3-4626-9D5B-553EE0942B1B}.Release|Any CPU.Build.0 = Release|Any CPU
	EndGlobalSection
	GlobalSection(SolutionProperties) = preSolution
		HideSolutionNode = FALSE
	EndGlobalSection
	GlobalSection(ExtensibilityGlobals) = postSolution
		SolutionGuid = {C773E4F5-110D-495D-B1E6-997233D5A9A1}
	EndGlobalSection
EndGlobal
